
Microsoft Visual Studio Solution File, Format Version 12.00
# Visual Studio Version 17
VisualStudioVersion = 17.13.36105.23
MinimumVisualStudioVersion = 10.0.40219.1
Project("{FAE04EC0-301F-11D3-BF4B-00C04F79EFBC}") = "DVLD", "DVLD\DVLD.csproj", "{DE60E08B-6F07-4AB9-9666-25DAF73656A5}"
EndProject
Project("{FAE04EC0-301F-11D3-BF4B-00C04F79EFBC}") = "DVLD_DataAccess", "DVLD_DataAccess\DVLD_DataAccess.csproj", "{6357349A-BF7D-45FD-A632-BC5C802A4C7C}"
EndProject
Project("{FAE04EC0-301F-11D3-BF4B-00C04F79EFBC}") = "DVLD_Buisness", "DVLD_Buisness\DVLD_Buisness.csproj", "{90F5E0F5-C60A-4619-8DD1-AED31269CAD6}"
EndProject
Project("{FAE04EC0-301F-11D3-BF4B-00C04F79EFBC}") = "DVLD_Shared", "DVLD_Shared\DVLD_Shared.csproj", "{CD43665B-1318-4B0A-9CF2-DDEBA1E2390D}"
EndProject
Global
	GlobalSection(SolutionConfigurationPlatforms) = preSolution
		Debug|Any CPU = Debug|Any CPU
		Release|Any CPU = Release|Any CPU
	EndGlobalSection
	GlobalSection(ProjectConfigurationPlatforms) = postSolution
		{DE60E08B-6F07-4AB9-9666-25DAF73656A5}.Debug|Any CPU.ActiveCfg = Debug|Any CPU
		{DE60E08B-6F07-4AB9-9666-25DAF73656A5}.Debug|Any CPU.Build.0 = Debug|Any CPU
		{DE60E08B-6F07-4AB9-9666-25DAF73656A5}.Release|Any CPU.ActiveCfg = Release|Any CPU
		{DE60E08B-6F07-4AB9-9666-25DAF73656A5}.Release|Any CPU.Build.0 = Release|Any CPU
		{6357349A-BF7D-45FD-A632-BC5C802A4C7C}.Debug|Any CPU.ActiveCfg = Debug|Any CPU
		{6357349A-BF7D-45FD-A632-BC5C802A4C7C}.Debug|Any CPU.Build.0 = Debug|Any CPU
		{6357349A-BF7D-45FD-A632-BC5C802A4C7C}.Release|Any CPU.ActiveCfg = Release|Any CPU
		{6357349A-BF7D-45FD-A632-BC5C802A4C7C}.Release|Any CPU.Build.0 = Release|Any CPU
		{90F5E0F5-C60A-4619-8DD1-AED31269CAD6}.Debug|Any CPU.ActiveCfg = Debug|Any CPU
		{90F5E0F5-C60A-4619-8DD1-AED31269CAD6}.Debug|Any CPU.Build.0 = Debug|Any CPU
		{90F5E0F5-C60A-4619-8DD1-AED31269CAD6}.Release|Any CPU.ActiveCfg = Release|Any CPU
		{90F5E0F5-C60A-4619-8DD1-AED31269CAD6}.Release|Any CPU.Build.0 = Release|Any CPU
		{CD43665B-1318-4B0A-9CF2-DDEBA1E2390D}.Debug|Any CPU.ActiveCfg = Debug|Any CPU
		{CD43665B-1318-4B0A-9CF2-DDEBA1E2390D}.Debug|Any CPU.Build.0 = Debug|Any CPU
		{CD43665B-1318-4B0A-9CF2-DDEBA1E2390D}.Release|Any CPU.ActiveCfg = Release|Any CPU
		{CD43665B-1318-4B0A-9CF2-DDEBA1E2390D}.Release|Any CPU.Build.0 = Release|Any CPU
	EndGlobalSection
	GlobalSection(SolutionProperties) = preSolution
		HideSolutionNode = FALSE
	EndGlobalSection
	GlobalSection(ExtensibilityGlobals) = postSolution
		SolutionGuid = {8E4CB19A-6841-47A2-A6E7-4D9B6E38C02B}
	EndGlobalSection
EndGlobal
